PODS:
  - Flutter (1.0.0)
  - flutter_local_notifications (0.0.1):
    - Flutter
  - health_kit_reporter (2.1.0):
    - Flutter
    - HealthKitReporter
  - HealthKitReporter (3.1.0)

DEPENDENCIES:
  - Flutter (from `Flutter`)
  - flutter_local_notifications (from `.symlinks/plugins/flutter_local_notifications/ios`)
  - health_kit_reporter (from `.symlinks/plugins/health_kit_reporter/ios`)
  - HealthKitReporter (from `https://github.com/vaibhav891/HealthKitReporter`, branch `master`)

EXTERNAL SOURCES:
  Flutter:
    :path: Flutter
  flutter_local_notifications:
    :path: ".symlinks/plugins/flutter_local_notifications/ios"
  health_kit_reporter:
    :path: ".symlinks/plugins/health_kit_reporter/ios"
  HealthKitReporter:
    :branch: master
    :git: https://github.com/vaibhav891/HealthKitReporter

CHECKOUT OPTIONS:
  HealthKitReporter:
    :commit: 60a6a32bb3b71c470f8be124bef8f7cd04b01f06
    :git: https://github.com/vaibhav891/HealthKitReporter

SPEC CHECKSUMS:
  Flutter: e0871f40cf51350855a761d2e70bf5af5b9b5de7
  flutter_local_notifications: 0c0b1ae97e741e1521e4c1629a459d04b9aec743
  health_kit_reporter: c42352ae9e6ba3035618f27aec723833487ceab3
  HealthKitReporter: 4fae728be1afa52c4833d4cfb9835b368bfc89e6

PODFILE CHECKSUM: 1aa151f0395124821ebd8a78539d443001ff4ec2

COCOAPODS: 1.15.2
